// !$*UTF8*$!
{
	archiveVersion = 1;
	classes = {
	};
	objectVersion = 46;
	objects = {

/* Begin PBXBuildFile section */
		2D5F9EC81A10F22300E591C9 /* AppDelegate.swift in Sources */ = {isa = PBXBuildFile; fileRef = 2D5F9EC71A10F22300E591C9 /* AppDelegate.swift */; };
		2D5F9ECA1A10F22300E591C9 /* ViewController.swift in Sources */ = {isa = PBXBuildFile; fileRef = 2D5F9EC91A10F22300E591C9 /* ViewController.swift */; };
		2D5F9ECD1A10F22300E591C9 /* Main.storyboard in Resources */ = {isa = PBXBuildFile; fileRef = 2D5F9ECB1A10F22300E591C9 /* Main.storyboard */; };
		2D5F9ECF1A10F22300E591C9 /* Images.xcassets in Resources */ = {isa = PBXBuildFile; fileRef = 2D5F9ECE1A10F22300E591C9 /* Images.xcassets */; };
		2D5F9ED21A10F22300E591C9 /* LaunchScreen.xib in Resources */ = {isa = PBXBuildFile; fileRef = 2D5F9ED01A10F22300E591C9 /* LaunchScreen.xib */; };
		2D5F9EDE1A10F22300E591C9 /* GitHubTestAppTests.swift in Sources */ = {isa = PBXBuildFile; fileRef = 2D5F9EDD1A10F22300E591C9 /* GitHubTestAppTests.swift */; };
/* End PBXBuildFile section */

/* Begin PBXContainerItemProxy section */
		2D5F9ED81A10F22300E591C9 /* PBXContainerItemProxy */ = {
			isa = PBXContainerItemProxy;
			containerPortal = 2D5F9EBA1A10F22300E591C9 /* Project object */;
			proxyType = 1;
			remoteGlobalIDString = 2D5F9EC11A10F22300E591C9;
			remoteInfo = GitHubTestApp;
		};
/* End PBXContainerItemProxy section */

/* Begin PBXFileReference section */
		2D5F9EC21A10F22300E591C9 /* GitHubTestApp.app */ = {isa = PBXFileReference; explicitFileType = wrapper.application; includeInIndex = 0; path = GitHubTestApp.app; sourceTree = BUILT_PRODUCTS_DIR; };
		2D5F9EC61A10F22300E591C9 /* Info.plist */ = {isa = PBXFileReference; lastKnownFileType = text.plist.xml; path = Info.plist; sourceTree = "<group>"; };
		2D5F9EC71A10F22300E591C9 /* AppDelegate.swift */ = {isa = PBXFileReference; lastKnownFileType = sourcecode.swift; path = AppDelegate.swift; sourceTree = "<group>"; };
		2D5F9EC91A10F22300E591C9 /* ViewController.swift */ = {isa = PBXFileReference; lastKnownFileType = sourcecode.swift; path = ViewController.swift; sourceTree = "<group>"; };
		2D5F9ECC1A10F22300E591C9 /* Base */ = {isa = PBXFileReference; lastKnownFileType = file.storyboard; name = Base; path = Base.lproj/Main.storyboard; sourceTree = "<group>"; };
		2D5F9ECE1A10F22300E591C9 /* Images.xcassets */ = {isa = PBXFileReference; lastKnownFileType = folder.assetcatalog; path = Images.xcassets; sourceTree = "<group>"; };
		2D5F9ED11A10F22300E591C9 /* Base */ = {isa = PBXFileReference; lastKnownFileType = file.xib; name = Base; path = Base.lproj/LaunchScreen.xib; sourceTree = "<group>"; };
		2D5F9ED71A10F22300E591C9 /* GitHubTestAppTests.xctest */ = {isa = PBXFileReference; explicitFileType = wrapper.cfbundle; includeInIndex = 0; path = GitHubTestAppTests.xctest; sourceTree = BUILT_PRODUCTS_DIR; };
		2D5F9EDC1A10F22300E591C9 /* Info.plist */ = {isa = PBXFileReference; lastKnownFileType = text.plist.xml; path = Info.plist; sourceTree = "<group>"; };
		2D5F9EDD1A10F22300E591C9 /* GitHubTestAppTests.swift */ = {isa = PBXFileReference; lastKnownFileType = sourcecode.swift; path = GitHubTestAppTests.swift; sourceTree = "<group>"; };
/* End PBXFileReference section */

/* Begin PBXFrameworksBuildPhase section */
		2D5F9EBF1A10F22300E591C9 /* Frameworks */ = {
			isa = PBXFrameworksBuildPhase;
			buildActionMask = 2147483647;
			files = (
			);
			runOnlyForDeploymentPostprocessing = 0;
		};
		2D5F9ED41A10F22300E591C9 /* Frameworks */ = {
			isa = PBXFrameworksBuildPhase;
			buildActionMask = 2147483647;
			files = (
			);
			runOnlyForDeploymentPostprocessing = 0;
		};
/* End PBXFrameworksBuildPhase section */

/* Begin PBXGroup section */
		2D5F9EB91A10F22300E591C9 = {
			isa = PBXGroup;
			children = (
				2D5F9EC41A10F22300E591C9 /* GitHubTestApp */,
				2D5F9EDA1A10F22300E591C9 /* GitHubTestAppTests */,
				2D5F9EC31A10F22300E591C9 /* Products */,
			);
			sourceTree = "<group>";
		};
		2D5F9EC31A10F22300E591C9 /* Products */ = {
			isa = PBXGroup;
			children = (
				2D5F9EC21A10F22300E591C9 /* GitHubTestApp.app */,
				2D5F9ED71A10F22300E591C9 /* GitHubTestAppTests.xctest */,
			);
			name = Products;
			sourceTree = "<group>";
		};
		2D5F9EC41A10F22300E591C9 /* GitHubTestApp */ = {
			isa = PBXGroup;
			children = (
				2D5F9EC71A10F22300E591C9 /* AppDelegate.swift */,
				2D5F9EC91A10F22300E591C9 /* ViewController.swift */,
				2D5F9ECB1A10F22300E591C9 /* Main.storyboard */,
				2D5F9ECE1A10F22300E591C9 /* Images.xcassets */,
				2D5F9ED01A10F22300E591C9 /* LaunchScreen.xib */,
				2D5F9EC51A10F22300E591C9 /* Supporting Files */,
			);
			path = GitHubTestApp;
			sourceTree = "<group>";
		};
		2D5F9EC51A10F22300E591C9 /* Supporting Files */ = {
			isa = PBXGroup;
			children = (
				2D5F9EC61A10F22300E591C9 /* Info.plist */,
			);
			name = "Supporting Files";
			sourceTree = "<group>";
		};
		2D5F9EDA1A10F22300E591C9 /* GitHubTestAppTests */ = {
			isa = PBXGroup;
			children = (
				2D5F9EDD1A10F22300E591C9 /* GitHubTestAppTests.swift */,
				2D5F9EDB1A10F22300E591C9 /* Supporting Files */,
			);
			path = GitHubTestAppTests;
			sourceTree = "<group>";
		};
		2D5F9EDB1A10F22300E591C9 /* Supporting Files */ = {
			isa = PBXGroup;
			children = (
				2D5F9EDC1A10F22300E591C9 /* Info.plist */,
			);
			name = "Supporting Files";
			sourceTree = "<group>";
		};
/* End PBXGroup section */

/* Begin PBXNativeTarget section */
		2D5F9EC11A10F22300E591C9 /* GitHubTestApp */ = {
			isa = PBXNativeTarget;
			buildConfigurationList = 2D5F9EE11A10F22300E591C9 /* Build configuration list for PBXNativeTarget "GitHubTestApp" */;
			buildPhases = (
				2D5F9EBE1A10F22300E591C9 /* Sources */,
				2D5F9EBF1A10F22300E591C9 /* Frameworks */,
				2D5F9EC01A10F22300E591C9 /* Resources */,
			);
			buildRules = (
			);
			dependencies = (
			);
			name = GitHubTestApp;
			productName = GitHubTestApp;
			productReference = 2D5F9EC21A10F22300E591C9 /* GitHubTestApp.app */;
			productType = "com.apple.product-type.application";
		};
		2D5F9ED61A10F22300E591C9 /* GitHubTestAppTests */ = {
			isa = PBXNativeTarget;
			buildConfigurationList = 2D5F9EE41A10F22300E591C9 /* Build configuration list for PBXNativeTarget "GitHubTestAppTests" */;
			buildPhases = (
				2D5F9ED31A10F22300E591C9 /* Sources */,
				2D5F9ED41A10F22300E591C9 /* Frameworks */,
				2D5F9ED51A10F22300E591C9 /* Resources */,
			);
			buildRules = (
			);
			dependencies = (
				2D5F9ED91A10F22300E591C9 /* PBXTargetDependency */,
			);
			name = GitHubTestAppTests;
			productName = GitHubTestAppTests;
			productReference = 2D5F9ED71A10F22300E591C9 /* GitHubTestAppTests.xctest */;
			productType = "com.apple.product-type.bundle.unit-test";
		};
/* End PBXNativeTarget section */

/* Begin PBXProject section */
		2D5F9EBA1A10F22300E591C9 /* Project object */ = {
			isa = PBXProject;
			attributes = {
				LastUpgradeCheck = 0610;
				ORGANIZATIONNAME = sangpil;
				TargetAttributes = {
					2D5F9EC11A10F22300E591C9 = {
						CreatedOnToolsVersion = 6.1;
					};
					2D5F9ED61A10F22300E591C9 = {
						CreatedOnToolsVersion = 6.1;
						TestTargetID = 2D5F9EC11A10F22300E591C9;
					};
				};
			};
			buildConfigurationList = 2D5F9EBD1A10F22300E591C9 /* Build configuration list for PBXProject "GitHubTestApp" */;
			compatibilityVersion = "Xcode 3.2";
			developmentRegion = English;
			hasScannedForEncodings = 0;
			knownRegions = (
				en,
				Base,
			);
			mainGroup = 2D5F9EB91A10F22300E591C9;
			productRefGroup = 2D5F9EC31A10F22300E591C9 /* Products */;
			projectDirPath = "";
			projectRoot = "";
			targets = (
				2D5F9EC11A10F22300E591C9 /* GitHubTestApp */,
				2D5F9ED61A10F22300E591C9 /* GitHubTestAppTests */,
			);
		};
/* End PBXProject section */

/* Begin PBXResourcesBuildPhase section */
		2D5F9EC01A10F22300E591C9 /* Resources */ = {
			isa = PBXResourcesBuildPhase;
			buildActionMask = 2147483647;
			files = (
				2D5F9ECD1A10F22300E591C9 /* Main.storyboard in Resources */,
				2D5F9ED21A10F22300E591C9 /* LaunchScreen.xib in Resources */,
				2D5F9ECF1A10F22300E591C9 /* Images.xcassets in Resources */,
			);
			runOnlyForDeploymentPostprocessing = 0;
		};
		2D5F9ED51A10F22300E591C9 /* Resources */ = {
			isa = PBXResourcesBuildPhase;
			buildActionMask = 2147483647;
			files = (
			);
			runOnlyForDeploymentPostprocessing = 0;
		};
/* End PBXResourcesBuildPhase section */

/* Begin PBXSourcesBuildPhase section */
		2D5F9EBE1A10F22300E591C9 /* Sources */ = {
			isa = PBXSourcesBuildPhase;
			buildActionMask = 2147483647;
			files = (
				2D5F9ECA1A10F22300E591C9 /* ViewController.swift in Sources */,
				2D5F9EC81A10F22300E591C9 /* AppDelegate.swift in Sources */,
			);
			runOnlyForDeploymentPostprocessing = 0;
		};
		2D5F9ED31A10F22300E591C9 /* Sources */ = {
			isa = PBXSourcesBuildPhase;
			buildActionMask = 2147483647;
			files = (
				2D5F9EDE1A10F22300E591C9 /* GitHubTestAppTests.swift in Sources */,
			);
			runOnlyForDeploymentPostprocessing = 0;
		};
/* End PBXSourcesBuildPhase section */

/* Begin PBXTargetDependency section */
		2D5F9ED91A10F22300E591C9 /* PBXTargetDependency */ = {
			isa = PBXTargetDependency;
			target = 2D5F9EC11A10F22300E591C9 /* GitHubTestApp */;
			targetProxy = 2D5F9ED81A10F22300E591C9 /* PBXContainerItemProxy */;
		};
/* End PBXTargetDependency section */

/* Begin PBXVariantGroup section */
		2D5F9ECB1A10F22300E591C9 /* Main.storyboard */ = {
			isa = PBXVariantGroup;
			children = (
				2D5F9ECC1A10F22300E591C9 /* Base */,
			);
			name = Main.storyboard;
			sourceTree = "<group>";
		};
		2D5F9ED01A10F22300E591C9 /* LaunchScreen.xib */ = {
			isa = PBXVariantGroup;
			children = (
				2D5F9ED11A10F22300E591C9 /* Base */,
			);
			name = LaunchScreen.xib;
			sourceTree = "<group>";
		};
/* End PBXVariantGroup section */

/* Begin XCBuildConfiguration section */
		2D5F9EDF1A10F22300E591C9 /* Debug */ = {
			isa = XCBuildConfiguration;
			buildSettings = {
				ALWAYS_SEARCH_USER_PATHS = NO;
				CLANG_CXX_LANGUAGE_STANDARD = "gnu++0x";
				CLANG_CXX_LIBRARY = "libc++";
				CLANG_ENABLE_MODULES = YES;
				CLANG_ENABLE_OBJC_ARC = YES;
				CLANG_WARN_BOOL_CONVERSION = YES;
				CLANG_WARN_CONSTANT_CONVERSION = YES;
				CLANG_WARN_DIRECT_OBJC_ISA_USAGE = YES_ERROR;
				CLANG_WARN_EMPTY_BODY = YES;
				CLANG_WARN_ENUM_CONVERSION = YES;
				CLANG_WARN_INT_CONVERSION = YES;
				CLANG_WARN_OBJC_ROOT_CLASS = YES_ERROR;
				CLANG_WARN_UNREACHABLE_CODE = YES;
				CLANG_WARN__DUPLICATE_METHOD_MATCH = YES;
				"CODE_SIGN_IDENTITY[sdk=iphoneos*]" = "iPhone Developer";
				COPY_PHASE_STRIP = NO;
				ENABLE_STRICT_OBJC_MSGSEND = YES;
				GCC_C_LANGUAGE_STANDARD = gnu99;
				GCC_DYNAMIC_NO_PIC = NO;
				GCC_OPTIMIZATION_LEVEL = 0;
				GCC_PREPROCESSOR_DEFINITIONS = (
					"DEBUG=1",
					"$(inherited)",
				);
				GCC_SYMBOLS_PRIVATE_EXTERN = NO;
				GCC_WARN_64_TO_32_BIT_CONVERSION = YES;
				GCC_WARN_ABOUT_RETURN_TYPE = YES_ERROR;
				GCC_WARN_UNDECLARED_SELECTOR = YES;
				GCC_WARN_UNINITIALIZED_AUTOS = YES_AGGRESSIVE;
				GCC_WARN_UNUSED_FUNCTION = YES;
				GCC_WARN_UNUSED_VARIABLE = YES;
				IPHONEOS_DEPLOYMENT_TARGET = 8.1;
				MTL_ENABLE_DEBUG_INFO = YES;
				ONLY_ACTIVE_ARCH = YES;
				SDKROOT = iphoneos;
				SWIFT_OPTIMIZATION_LEVEL = "-Onone";
				TARGETED_DEVICE_FAMILY = "1,2";
			};
			name = Debug;
		};
		2D5F9EE01A10F22300E591C9 /* Release */ = {
			isa = XCBuildConfiguration;
			buildSettings = {
				ALWAYS_SEARCH_USER_PATHS = NO;
				CLANG_CXX_LANGUAGE_STANDARD = "gnu++0x";
				CLANG_CXX_LIBRARY = "libc++";
				CLANG_ENABLE_MODULES = YES;
				CLANG_ENABLE_OBJC_ARC = YES;
				CLANG_WARN_BOOL_CONVERSION = YES;
				CLANG_WARN_CONSTANT_CONVERSION = YES;
				CLANG_WARN_DIRECT_OBJC_ISA_USAGE = YES_ERROR;
				CLANG_WARN_EMPTY_BODY = YES;
				CLANG_WARN_ENUM_CONVERSION = YES;
				CLANG_WARN_INT_CONVERSION = YES;
				CLANG_WARN_OBJC_ROOT_CLASS = YES_ERROR;
				CLANG_WARN_UNREACHABLE_CODE = YES;
				CLANG_WARN__DUPLICATE_METHOD_MATCH = YES;
				"CODE_SIGN_IDENTITY[sdk=iphoneos*]" = "iPhone Developer";
				COPY_PHASE_STRIP = YES;
				ENABLE_NS_ASSERTIONS = NO;
				ENABLE_STRICT_OBJC_MSGSEND = YES;
				GCC_C_LANGUAGE_STANDARD = gnu99;
				GCC_WARN_64_TO_32_BIT_CONVERSION = YES;
				GCC_WARN_ABOUT_RETURN_TYPE = YES_ERROR;
				GCC_WARN_UNDECLARED_SELECTOR = YES;
				GCC_WARN_UNINITIALIZED_AUTOS = YES_AGGRESSIVE;
				GCC_WARN_UNUSED_FUNCTION = YES;
				GCC_WARN_UNUSED_VARIABLE = YES;
				IPHONEOS_DEPLOYMENT_TARGET = 8.1;
				MTL_ENABLE_DEBUG_INFO = NO;
				SDKROOT = iphoneos;
				TARGETED_DEVICE_FAMILY = "1,2";
				VALIDATE_PRODUCT = YES;
			};
			name = Release;
		};
		2D5F9EE21A10F22300E591C9 /* Debug */ = {
			isa = XCBuildConfiguration;
			buildSettings = {
				ASSETCATALOG_COMPILER_APPICON_NAME = AppIcon;
				INFOPLIST_FILE = GitHubTestApp/Info.plist;
				LD_RUNPATH_SEARCH_PATHS = "$(inherited) @executable_path/Frameworks";
				PRODUCT_NAME = "$(TARGET_NAME)";
			};
			name = Debug;
		};
		2D5F9EE31A10F22300E591C9 /* Release */ = {
			isa = XCBuildConfiguration;
			buildSettings = {
				ASSETCATALOG_COMPILER_APPICON_NAME = AppIcon;
				INFOPLIST_FILE = GitHubTestApp/Info.plist;
				LD_RUNPATH_SEARCH_PATHS = "$(inherited) @executable_path/Frameworks";
				PRODUCT_NAME = "$(TARGET_NAME)";
			};
			name = Release;
		};
		2D5F9EE51A10F22300E591C9 /* Debug */ = {
			isa = XCBuildConfiguration;
			buildSettings = {
				BUNDLE_LOADER = "$(TEST_HOST)";
				FRAMEWORK_SEARCH_PATHS = (
					"$(SDKROOT)/Developer/Library/Frameworks",
					"$(inherited)",
				);
				GCC_PREPROCESSOR_DEFINITIONS = (
					"DEBUG=1",
					"$(inherited)",
				);
				INFOPLIST_FILE = GitHubTestAppTests/Info.plist;
				LD_RUNPATH_SEARCH_PATHS = "$(inherited) @executable_path/Frameworks @loader_path/Frameworks";
				PRODUCT_NAME = "$(TARGET_NAME)";
				TEST_HOST = "$(BUILT_PRODUCTS_DIR)/GitHubTestApp.app/GitHubTestApp";
			};
			name = Debug;
		};
		2D5F9EE61A10F22300E591C9 /* Release */ = {
			isa = XCBuildConfiguration;
			buildSettings = {
				BUNDLE_LOADER = "$(TEST_HOST)";
				FRAMEWORK_SEARCH_PATHS = (
					"$(SDKROOT)/Developer/Library/Frameworks",
					"$(inherited)",
				);
				INFOPLIST_FILE = GitHubTestAppTests/Info.plist;
				LD_RUNPATH_SEARCH_PATHS = "$(inherited) @executable_path/Frameworks @loader_path/Frameworks";
				PRODUCT_NAME = "$(TARGET_NAME)";
				TEST_HOST = "$(BUILT_PRODUCTS_DIR)/GitHubTestApp.app/GitHubTestApp";
			};
			name = Release;
		};
/* End XCBuildConfiguration section */

/* Begin XCConfigurationList section */
		2D5F9EBD1A10F22300E591C9 /* Build configuration list for PBXProject "GitHubTestApp" */ = {
			isa = XCConfigurationList;
			buildConfigurations = (
				2D5F9EDF1A10F22300E591C9 /* Debug */,
				2D5F9EE01A10F22300E591C9 /* Release */,
			);
			defaultConfigurationIsVisible = 0;
			defaultConfigurationName = Release;
		};
		2D5F9EE11A10F22300E591C9 /* Build configuration list for PBXNativeTarget "GitHubTestApp" */ = {
			isa = XCConfigurationList;
			buildConfigurations = (
				2D5F9EE21A10F22300E591C9 /* Debug */,
				2D5F9EE31A10F22300E591C9 /* Release */,
			);
			defaultConfigurationIsVisible = 0;
		};
		2D5F9EE41A10F22300E591C9 /* Build configuration list for PBXNativeTarget "GitHubTestAppTests" */ = {
			isa = XCConfigurationList;
			buildConfigurations = (
				2D5F9EE51A10F22300E591C9 /* Debug */,
				2D5F9EE61A10F22300E591C9 /* Release */,
			);
			defaultConfigurationIsVisible = 0;
		};
/* End XCConfigurationList section */
	};
	rootObject = 2D5F9EBA1A10F22300E591C9 /* Project object */;
}
